
Microsoft Visual Studio Solution File, Format Version 12.00
# Visual Studio Version 17
VisualStudioVersion = 17.3.32922.545
MinimumVisualStudioVersion = 10.0.40219.1
Project("{9A19103F-16F7-4668-BE54-9A1E7A4F7556}") = "Web-app-personal-collections", "Web-app-personal-collections\Web-app-personal-collections.csproj", "{4259BE44-69DC-415E-A8C6-BACBDC5F216A}"
EndProject
Global
	GlobalSection(SolutionConfigurationPlatforms) = preSolution
		Debug|Any CPU = Debug|Any CPU
		Release|Any CPU = Release|Any CPU
	EndGlobalSection
	GlobalSection(ProjectConfigurationPlatforms) = postSolution
		{4259BE44-69DC-415E-A8C6-BACBDC5F216A}.Debug|Any CPU.ActiveCfg = Debug|Any CPU
		{4259BE44-69DC-415E-A8C6-BACBDC5F216A}.Debug|Any CPU.Build.0 = Debug|Any CPU
		{4259BE44-69DC-415E-A8C6-BACBDC5F216A}.Release|Any CPU.ActiveCfg = Release|Any CPU
		{4259BE44-69DC-415E-A8C6-BACBDC5F216A}.Release|Any CPU.Build.0 = Release|Any CPU
	EndGlobalSection
	GlobalSection(SolutionProperties) = preSolution
		HideSolutionNode = FALSE
	EndGlobalSection
	GlobalSection(ExtensibilityGlobals) = postSolution
		SolutionGuid = {EDFD8F91-1ADC-4A38-A1FE-8B89FD3ABC06}
	EndGlobalSection
EndGlobal
